// !$*UTF8*$!
{
	archiveVersion = 1;
	classes = {
	};
	objectVersion = 56;
	objects = {

/* Begin PBXBuildFile section */
		DA64E70529993EE000CDE928 /* AppDelegate.swift in Sources */ = {isa = PBXBuildFile; fileRef = DA64E70429993EE000CDE928 /* AppDelegate.swift */; };
		DA64E70729993EE000CDE928 /* SceneDelegate.swift in Sources */ = {isa = PBXBuildFile; fileRef = DA64E70629993EE000CDE928 /* SceneDelegate.swift */; };
		DA64E70929993EE000CDE928 /* LogInViewController.swift in Sources */ = {isa = PBXBuildFile; fileRef = DA64E70829993EE000CDE928 /* LogInViewController.swift */; };
		DA64E70C29993EE000CDE928 /* Main.storyboard in Resources */ = {isa = PBXBuildFile; fileRef = DA64E70A29993EE000CDE928 /* Main.storyboard */; };
		DA64E70E29993EE100CDE928 /* Assets.xcassets in Resources */ = {isa = PBXBuildFile; fileRef = DA64E70D29993EE100CDE928 /* Assets.xcassets */; };
		DA64E71129993EE100CDE928 /* LaunchScreen.storyboard in Resources */ = {isa = PBXBuildFile; fileRef = DA64E70F29993EE100CDE928 /* LaunchScreen.storyboard */; };
		DA64E719299D659700CDE928 /* WelcomeViewController.swift in Sources */ = {isa = PBXBuildFile; fileRef = DA64E718299D659700CDE928 /* WelcomeViewController.swift */; };
		DAF431F429BBADC3008BA9DF /* TabBarViewController.swift in Sources */ = {isa = PBXBuildFile; fileRef = DAF431F329BBADC3008BA9DF /* TabBarViewController.swift */; };
		DAF431F629BCD0FB008BA9DF /* User.swift in Sources */ = {isa = PBXBuildFile; fileRef = DAF431F529BCD0FB008BA9DF /* User.swift */; };
		DAF431FE29BFA552008BA9DF /* UserInfoViewController.swift in Sources */ = {isa = PBXBuildFile; fileRef = DAF431FD29BFA552008BA9DF /* UserInfoViewController.swift */; };
		DAF4320029C0FABA008BA9DF /* UserBioViewController.swift in Sources */ = {isa = PBXBuildFile; fileRef = DAF431FF29C0FABA008BA9DF /* UserBioViewController.swift */; };
/* End PBXBuildFile section */

/* Begin PBXFileReference section */
		DA64E70129993EE000CDE928 /* LoginApp.app */ = {isa = PBXFileReference; explicitFileType = wrapper.application; includeInIndex = 0; path = LoginApp.app; sourceTree = BUILT_PRODUCTS_DIR; };
		DA64E70429993EE000CDE928 /* AppDelegate.swift */ = {isa = PBXFileReference; lastKnownFileType = sourcecode.swift; path = AppDelegate.swift; sourceTree = "<group>"; };
		DA64E70629993EE000CDE928 /* SceneDelegate.swift */ = {isa = PBXFileReference; lastKnownFileType = sourcecode.swift; path = SceneDelegate.swift; sourceTree = "<group>"; };
		DA64E70829993EE000CDE928 /* LogInViewController.swift */ = {isa = PBXFileReference; lastKnownFileType = sourcecode.swift; path = LogInViewController.swift; sourceTree = "<group>"; };
		DA64E70B29993EE000CDE928 /* Base */ = {isa = PBXFileReference; lastKnownFileType = file.storyboard; name = Base; path = Base.lproj/Main.storyboard; sourceTree = "<group>"; };
		DA64E70D29993EE100CDE928 /* Assets.xcassets */ = {isa = PBXFileReference; lastKnownFileType = folder.assetcatalog; path = Assets.xcassets; sourceTree = "<group>"; };
		DA64E71029993EE100CDE928 /* Base */ = {isa = PBXFileReference; lastKnownFileType = file.storyboard; name = Base; path = Base.lproj/LaunchScreen.storyboard; sourceTree = "<group>"; };
		DA64E71229993EE100CDE928 /* Info.plist */ = {isa = PBXFileReference; lastKnownFileType = text.plist.xml; path = Info.plist; sourceTree = "<group>"; };
		DA64E718299D659700CDE928 /* WelcomeViewController.swift */ = {isa = PBXFileReference; lastKnownFileType = sourcecode.swift; path = WelcomeViewController.swift; sourceTree = "<group>"; };
		DAF431F329BBADC3008BA9DF /* TabBarViewController.swift */ = {isa = PBXFileReference; lastKnownFileType = sourcecode.swift; path = TabBarViewController.swift; sourceTree = "<group>"; };
		DAF431F529BCD0FB008BA9DF /* User.swift */ = {isa = PBXFileReference; lastKnownFileType = sourcecode.swift; path = User.swift; sourceTree = "<group>"; };
		DAF431FD29BFA552008BA9DF /* UserInfoViewController.swift */ = {isa = PBXFileReference; lastKnownFileType = sourcecode.swift; path = UserInfoViewController.swift; sourceTree = "<group>"; };
		DAF431FF29C0FABA008BA9DF /* UserBioViewController.swift */ = {isa = PBXFileReference; lastKnownFileType = sourcecode.swift; path = UserBioViewController.swift; sourceTree = "<group>"; };
/* End PBXFileReference section */

/* Begin PBXFrameworksBuildPhase section */
		DA64E6FE29993EE000CDE928 /* Frameworks */ = {
			isa = PBXFrameworksBuildPhase;
			buildActionMask = 2147483647;
			files = (
			);
			runOnlyForDeploymentPostprocessing = 0;
		};
/* End PBXFrameworksBuildPhase section */

/* Begin PBXGroup section */
		DA64E6F829993EE000CDE928 = {
			isa = PBXGroup;
			children = (
				DA64E70329993EE000CDE928 /* LoginApp */,
				DA64E70229993EE000CDE928 /* Products */,
			);
			sourceTree = "<group>";
		};
		DA64E70229993EE000CDE928 /* Products */ = {
			isa = PBXGroup;
			children = (
				DA64E70129993EE000CDE928 /* LoginApp.app */,
			);
			name = Products;
			sourceTree = "<group>";
		};
		DA64E70329993EE000CDE928 /* LoginApp */ = {
			isa = PBXGroup;
			children = (
				DA64E71229993EE100CDE928 /* Info.plist */,
				DAF431F829BF98A4008BA9DF /* ViewControllers */,
				DAF431F729BE3D67008BA9DF /* Models */,
				DAF431F929BF98D3008BA9DF /* Extentions */,
				DAF431FA29BF98EA008BA9DF /* StoryBoards */,
				DAF431FB29BF9914008BA9DF /* SupportingFiles */,
				DAF431FC29BF9926008BA9DF /* Resources */,
			);
			path = LoginApp;
			sourceTree = "<group>";
		};
		DAF431F729BE3D67008BA9DF /* Models */ = {
			isa = PBXGroup;
			children = (
				DAF431F529BCD0FB008BA9DF /* User.swift */,
			);
			path = Models;
			sourceTree = "<group>";
		};
		DAF431F829BF98A4008BA9DF /* ViewControllers */ = {
			isa = PBXGroup;
			children = (
				DA64E70829993EE000CDE928 /* LogInViewController.swift */,
				DAF431F329BBADC3008BA9DF /* TabBarViewController.swift */,
				DA64E718299D659700CDE928 /* WelcomeViewController.swift */,
				DAF431FD29BFA552008BA9DF /* UserInfoViewController.swift */,
				DAF431FF29C0FABA008BA9DF /* UserBioViewController.swift */,
			);
			path = ViewControllers;
			sourceTree = "<group>";
		};
		DAF431F929BF98D3008BA9DF /* Extentions */ = {
			isa = PBXGroup;
			children = (
			);
			path = Extentions;
			sourceTree = "<group>";
		};
		DAF431FA29BF98EA008BA9DF /* StoryBoards */ = {
			isa = PBXGroup;
			children = (
				DA64E70A29993EE000CDE928 /* Main.storyboard */,
				DA64E70F29993EE100CDE928 /* LaunchScreen.storyboard */,
			);
			path = StoryBoards;
			sourceTree = "<group>";
		};
		DAF431FB29BF9914008BA9DF /* SupportingFiles */ = {
			isa = PBXGroup;
			children = (
				DA64E70629993EE000CDE928 /* SceneDelegate.swift */,
				DA64E70429993EE000CDE928 /* AppDelegate.swift */,
			);
			path = SupportingFiles;
			sourceTree = "<group>";
		};
		DAF431FC29BF9926008BA9DF /* Resources */ = {
			isa = PBXGroup;
			children = (
				DA64E70D29993EE100CDE928 /* Assets.xcassets */,
			);
			path = Resources;
			sourceTree = "<group>";
		};
/* End PBXGroup section */

/* Begin PBXNativeTarget section */
		DA64E70029993EE000CDE928 /* LoginApp */ = {
			isa = PBXNativeTarget;
			buildConfigurationList = DA64E71529993EE100CDE928 /* Build configuration list for PBXNativeTarget "LoginApp" */;
			buildPhases = (
				DA64E6FD29993EE000CDE928 /* Sources */,
				DA64E6FE29993EE000CDE928 /* Frameworks */,
				DA64E6FF29993EE000CDE928 /* Resources */,
			);
			buildRules = (
			);
			dependencies = (
			);
			name = LoginApp;
			productName = LoginApp;
			productReference = DA64E70129993EE000CDE928 /* LoginApp.app */;
			productType = "com.apple.product-type.application";
		};
/* End PBXNativeTarget section */

/* Begin PBXProject section */
		DA64E6F929993EE000CDE928 /* Project object */ = {
			isa = PBXProject;
			attributes = {
				BuildIndependentTargetsInParallel = 1;
				LastSwiftUpdateCheck = 1400;
				LastUpgradeCheck = 1400;
				TargetAttributes = {
					DA64E70029993EE000CDE928 = {
						CreatedOnToolsVersion = 14.0;
					};
				};
			};
			buildConfigurationList = DA64E6FC29993EE000CDE928 /* Build configuration list for PBXProject "LoginApp" */;
			compatibilityVersion = "Xcode 14.0";
			developmentRegion = en;
			hasScannedForEncodings = 0;
			knownRegions = (
				en,
				Base,
			);
			mainGroup = DA64E6F829993EE000CDE928;
			productRefGroup = DA64E70229993EE000CDE928 /* Products */;
			projectDirPath = "";
			projectRoot = "";
			targets = (
				DA64E70029993EE000CDE928 /* LoginApp */,
			);
		};
/* End PBXProject section */

/* Begin PBXResourcesBuildPhase section */
		DA64E6FF29993EE000CDE928 /* Resources */ = {
			isa = PBXResourcesBuildPhase;
			buildActionMask = 2147483647;
			files = (
				DA64E71129993EE100CDE928 /* LaunchScreen.storyboard in Resources */,
				DA64E70E29993EE100CDE928 /* Assets.xcassets in Resources */,
				DA64E70C29993EE000CDE928 /* Main.storyboard in Resources */,
			);
			runOnlyForDeploymentPostprocessing = 0;
		};
/* End PBXResourcesBuildPhase section */

/* Begin PBXSourcesBuildPhase section */
		DA64E6FD29993EE000CDE928 /* Sources */ = {
			isa = PBXSourcesBuildPhase;
			buildActionMask = 2147483647;
			files = (
				DA64E70929993EE000CDE928 /* LogInViewController.swift in Sources */,
				DAF431FE29BFA552008BA9DF /* UserInfoViewController.swift in Sources */,
				DA64E719299D659700CDE928 /* WelcomeViewController.swift in Sources */,
				DAF431F629BCD0FB008BA9DF /* User.swift in Sources */,
				DA64E70529993EE000CDE928 /* AppDelegate.swift in Sources */,
				DAF431F429BBADC3008BA9DF /* TabBarViewController.swift in Sources */,
				DAF4320029C0FABA008BA9DF /* UserBioViewController.swift in Sources */,
				DA64E70729993EE000CDE928 /* SceneDelegate.swift in Sources */,
			);
			runOnlyForDeploymentPostprocessing = 0;
		};
/* End PBXSourcesBuildPhase section */

/* Begin PBXVariantGroup section */
		DA64E70A29993EE000CDE928 /* Main.storyboard */ = {
			isa = PBXVariantGroup;
			children = (
				DA64E70B29993EE000CDE928 /* Base */,
			);
			name = Main.storyboard;
			sourceTree = "<group>";
		};
		DA64E70F29993EE100CDE928 /* LaunchScreen.storyboard */ = {
			isa = PBXVariantGroup;
			children = (
				DA64E71029993EE100CDE928 /* Base */,
			);
			name = LaunchScreen.storyboard;
			sourceTree = "<group>";
		};
/* End PBXVariantGroup section */

/* Begin XCBuildConfiguration section */
		DA64E71329993EE100CDE928 /* Debug */ = {
			isa = XCBuildConfiguration;
			buildSettings = {
				ALWAYS_SEARCH_USER_PATHS = NO;
				CLANG_ANALYZER_NONNULL = YES;
				CLANG_ANALYZER_NUMBER_OBJECT_CONVERSION = YES_AGGRESSIVE;
				CLANG_CXX_LANGUAGE_STANDARD = "gnu++20";
				CLANG_ENABLE_MODULES = YES;
				CLANG_ENABLE_OBJC_ARC = YES;
				CLANG_ENABLE_OBJC_WEAK = YES;
				CLANG_WARN_BLOCK_CAPTURE_AUTORELEASING = YES;
				CLANG_WARN_BOOL_CONVERSION = YES;
				CLANG_WARN_COMMA = YES;
				CLANG_WARN_CONSTANT_CONVERSION = YES;
				CLANG_WARN_DEPRECATED_OBJC_IMPLEMENTATIONS = YES;
				CLANG_WARN_DIRECT_OBJC_ISA_USAGE = YES_ERROR;
				CLANG_WARN_DOCUMENTATION_COMMENTS = YES;
				CLANG_WARN_EMPTY_BODY = YES;
				CLANG_WARN_ENUM_CONVERSION = YES;
				CLANG_WARN_INFINITE_RECURSION = YES;
				CLANG_WARN_INT_CONVERSION = YES;
				CLANG_WARN_NON_LITERAL_NULL_CONVERSION = YES;
				CLANG_WARN_OBJC_IMPLICIT_RETAIN_SELF = YES;
				CLANG_WARN_OBJC_LITERAL_CONVERSION = YES;
				CLANG_WARN_OBJC_ROOT_CLASS = YES_ERROR;
				CLANG_WARN_QUOTED_INCLUDE_IN_FRAMEWORK_HEADER = YES;
				CLANG_WARN_RANGE_LOOP_ANALYSIS = YES;
				CLANG_WARN_STRICT_PROTOTYPES = YES;
				CLANG_WARN_SUSPICIOUS_MOVE = YES;
				CLANG_WARN_UNGUARDED_AVAILABILITY = YES_AGGRESSIVE;
				CLANG_WARN_UNREACHABLE_CODE = YES;
				CLANG_WARN__DUPLICATE_METHOD_MATCH = YES;
				COPY_PHASE_STRIP = NO;
				DEBUG_INFORMATION_FORMAT = dwarf;
				ENABLE_STRICT_OBJC_MSGSEND = YES;
				ENABLE_TESTABILITY = YES;
				GCC_C_LANGUAGE_STANDARD = gnu11;
				GCC_DYNAMIC_NO_PIC = NO;
				GCC_NO_COMMON_BLOCKS = YES;
				GCC_OPTIMIZATION_LEVEL = 0;
				GCC_PREPROCESSOR_DEFINITIONS = (
					"DEBUG=1",
					"$(inherited)",
				);
				GCC_WARN_64_TO_32_BIT_CONVERSION = YES;
				GCC_WARN_ABOUT_RETURN_TYPE = YES_ERROR;
				GCC_WARN_UNDECLARED_SELECTOR = YES;
				GCC_WARN_UNINITIALIZED_AUTOS = YES_AGGRESSIVE;
				GCC_WARN_UNUSED_FUNCTION = YES;
				GCC_WARN_UNUSED_VARIABLE = YES;
				IPHONEOS_DEPLOYMENT_TARGET = 16.0;
				MTL_ENABLE_DEBUG_INFO = INCLUDE_SOURCE;
				MTL_FAST_MATH = YES;
				ONLY_ACTIVE_ARCH = YES;
				SDKROOT = iphoneos;
				SWIFT_ACTIVE_COMPILATION_CONDITIONS = DEBUG;
				SWIFT_OPTIMIZATION_LEVEL = "-Onone";
			};
			name = Debug;
		};
		DA64E71429993EE100CDE928 /* Release */ = {
			isa = XCBuildConfiguration;
			buildSettings = {
				ALWAYS_SEARCH_USER_PATHS = NO;
				CLANG_ANALYZER_NONNULL = YES;
				CLANG_ANALYZER_NUMBER_OBJECT_CONVERSION = YES_AGGRESSIVE;
				CLANG_CXX_LANGUAGE_STANDARD = "gnu++20";
				CLANG_ENABLE_MODULES = YES;
				CLANG_ENABLE_OBJC_ARC = YES;
				CLANG_ENABLE_OBJC_WEAK = YES;
				CLANG_WARN_BLOCK_CAPTURE_AUTORELEASING = YES;
				CLANG_WARN_BOOL_CONVERSION = YES;
				CLANG_WARN_COMMA = YES;
				CLANG_WARN_CONSTANT_CONVERSION = YES;
				CLANG_WARN_DEPRECATED_OBJC_IMPLEMENTATIONS = YES;
				CLANG_WARN_DIRECT_OBJC_ISA_USAGE = YES_ERROR;
				CLANG_WARN_DOCUMENTATION_COMMENTS = YES;
				CLANG_WARN_EMPTY_BODY = YES;
				CLANG_WARN_ENUM_CONVERSION = YES;
				CLANG_WARN_INFINITE_RECURSION = YES;
				CLANG_WARN_INT_CONVERSION = YES;
				CLANG_WARN_NON_LITERAL_NULL_CONVERSION = YES;
				CLANG_WARN_OBJC_IMPLICIT_RETAIN_SELF = YES;
				CLANG_WARN_OBJC_LITERAL_CONVERSION = YES;
				CLANG_WARN_OBJC_ROOT_CLASS = YES_ERROR;
				CLANG_WARN_QUOTED_INCLUDE_IN_FRAMEWORK_HEADER = YES;
				CLANG_WARN_RANGE_LOOP_ANALYSIS = YES;
				CLANG_WARN_STRICT_PROTOTYPES = YES;
				CLANG_WARN_SUSPICIOUS_MOVE = YES;
				CLANG_WARN_UNGUARDED_AVAILABILITY = YES_AGGRESSIVE;
				CLANG_WARN_UNREACHABLE_CODE = YES;
				CLANG_WARN__DUPLICATE_METHOD_MATCH = YES;
				COPY_PHASE_STRIP = NO;
				DEBUG_INFORMATION_FORMAT = "dwarf-with-dsym";
				ENABLE_NS_ASSERTIONS = NO;
				ENABLE_STRICT_OBJC_MSGSEND = YES;
				GCC_C_LANGUAGE_STANDARD = gnu11;
				GCC_NO_COMMON_BLOCKS = YES;
				GCC_WARN_64_TO_32_BIT_CONVERSION = YES;
				GCC_WARN_ABOUT_RETURN_TYPE = YES_ERROR;
				GCC_WARN_UNDECLARED_SELECTOR = YES;
				GCC_WARN_UNINITIALIZED_AUTOS = YES_AGGRESSIVE;
				GCC_WARN_UNUSED_FUNCTION = YES;
				GCC_WARN_UNUSED_VARIABLE = YES;
				IPHONEOS_DEPLOYMENT_TARGET = 16.0;
				MTL_ENABLE_DEBUG_INFO = NO;
				MTL_FAST_MATH = YES;
				SDKROOT = iphoneos;
				SWIFT_COMPILATION_MODE = wholemodule;
				SWIFT_OPTIMIZATION_LEVEL = "-O";
				VALIDATE_PRODUCT = YES;
			};
			name = Release;
		};
		DA64E71629993EE100CDE928 /* Debug */ = {
			isa = XCBuildConfiguration;
			buildSettings = {
				ASSETCATALOG_COMPILER_APPICON_NAME = AppIcon;
				ASSETCATALOG_COMPILER_GLOBAL_ACCENT_COLOR_NAME = AccentColor;
				CODE_SIGN_STYLE = Automatic;
				CURRENT_PROJECT_VERSION = 1;
				DEVELOPMENT_TEAM = VG97BZ225S;
				GENERATE_INFOPLIST_FILE = YES;
				INFOPLIST_FILE = LoginApp/Info.plist;
				INFOPLIST_KEY_UIApplicationSupportsIndirectInputEvents = YES;
				INFOPLIST_KEY_UILaunchStoryboardName = LaunchScreen;
				INFOPLIST_KEY_UIMainStoryboardFile = Main;
				INFOPLIST_KEY_UISupportedInterfaceOrientations_iPad = "UIInterfaceOrientationPortrait UIInterfaceOrientationPortraitUpsideDown UIInterfaceOrientationLandscapeLeft UIInterfaceOrientationLandscapeRight";
				INFOPLIST_KEY_UISupportedInterfaceOrientations_iPhone = "UIInterfaceOrientationPortrait UIInterfaceOrientationLandscapeLeft UIInterfaceOrientationLandscapeRight";
				LD_RUNPATH_SEARCH_PATHS = (
					"$(inherited)",
					"@executable_path/Frameworks",
				);
				MARKETING_VERSION = 1.0;
				PRODUCT_BUNDLE_IDENTIFIER = HW.LoginApp;
				PRODUCT_NAME = "$(TARGET_NAME)";
				SUPPORTED_PLATFORMS = "iphoneos iphonesimulator";
				SUPPORTS_MACCATALYST = NO;
				SUPPORTS_MAC_DESIGNED_FOR_IPHONE_IPAD = NO;
				SWIFT_EMIT_LOC_STRINGS = YES;
				SWIFT_VERSION = 5.0;
				TARGETED_DEVICE_FAMILY = 1;
			};
			name = Debug;
		};
		DA64E71729993EE100CDE928 /* Release */ = {
			isa = XCBuildConfiguration;
			buildSettings = {
				ASSETCATALOG_COMPILER_APPICON_NAME = AppIcon;
				ASSETCATALOG_COMPILER_GLOBAL_ACCENT_COLOR_NAME = AccentColor;
				CODE_SIGN_STYLE = Automatic;
				CURRENT_PROJECT_VERSION = 1;
				DEVELOPMENT_TEAM = VG97BZ225S;
				GENERATE_INFOPLIST_FILE = YES;
				INFOPLIST_FILE = LoginApp/Info.plist;
				INFOPLIST_KEY_UIApplicationSupportsIndirectInputEvents = YES;
				INFOPLIST_KEY_UILaunchStoryboardName = LaunchScreen;
				INFOPLIST_KEY_UIMainStoryboardFile = Main;
				INFOPLIST_KEY_UISupportedInterfaceOrientations_iPad = "UIInterfaceOrientationPortrait UIInterfaceOrientationPortraitUpsideDown UIInterfaceOrientationLandscapeLeft UIInterfaceOrientationLandscapeRight";
				INFOPLIST_KEY_UISupportedInterfaceOrientations_iPhone = "UIInterfaceOrientationPortrait UIInterfaceOrientationLandscapeLeft UIInterfaceOrientationLandscapeRight";
				LD_RUNPATH_SEARCH_PATHS = (
					"$(inherited)",
					"@executable_path/Frameworks",
				);
				MARKETING_VERSION = 1.0;
				PRODUCT_BUNDLE_IDENTIFIER = HW.LoginApp;
				PRODUCT_NAME = "$(TARGET_NAME)";
				SUPPORTED_PLATFORMS = "iphoneos iphonesimulator";
				SUPPORTS_MACCATALYST = NO;
				SUPPORTS_MAC_DESIGNED_FOR_IPHONE_IPAD = NO;
				SWIFT_EMIT_LOC_STRINGS = YES;
				SWIFT_VERSION = 5.0;
				TARGETED_DEVICE_FAMILY = 1;
			};
			name = Release;
		};
/* End XCBuildConfiguration section */

/* Begin XCConfigurationList section */
		DA64E6FC29993EE000CDE928 /* Build configuration list for PBXProject "LoginApp" */ = {
			isa = XCConfigurationList;
			buildConfigurations = (
				DA64E71329993EE100CDE928 /* Debug */,
				DA64E71429993EE100CDE928 /* Release */,
			);
			defaultConfigurationIsVisible = 0;
			defaultConfigurationName = Release;
		};
		DA64E71529993EE100CDE928 /* Build configuration list for PBXNativeTarget "LoginApp" */ = {
			isa = XCConfigurationList;
			buildConfigurations = (
				DA64E71629993EE100CDE928 /* Debug */,
				DA64E71729993EE100CDE928 /* Release */,
			);
			defaultConfigurationIsVisible = 0;
			defaultConfigurationName = Release;
		};
/* End XCConfigurationList section */
	};
	rootObject = DA64E6F929993EE000CDE928 /* Project object */;
}
